
Microsoft Visual Studio Solution File, Format Version 12.00
# Visual Studio 15
VisualStudioVersion = 15.0.27703.2000
MinimumVisualStudioVersion = 10.0.40219.1
Project("{FAE04EC0-301F-11D3-BF4B-00C04F79EFBC}") = "For loops", "For loops\For loops.csproj", "{E949C7E0-6F3A-4672-8809-24198B72D132}"
EndProject
Global
	GlobalSection(SolutionConfigurationPlatforms) = preSolution
		Debug|Any CPU = Debug|Any CPU
		Release|Any CPU = Release|Any CPU
	EndGlobalSection
	GlobalSection(ProjectConfigurationPlatforms) = postSolution
		{E949C7E0-6F3A-4672-8809-24198B72D132}.Debug|Any CPU.ActiveCfg = Debug|Any CPU
		{E949C7E0-6F3A-4672-8809-24198B72D132}.Debug|Any CPU.Build.0 = Debug|Any CPU
		{E949C7E0-6F3A-4672-8809-24198B72D132}.Release|Any CPU.ActiveCfg = Release|Any CPU
		{E949C7E0-6F3A-4672-8809-24198B72D132}.Release|Any CPU.Build.0 = Release|Any CPU
	EndGlobalSection
	GlobalSection(SolutionProperties) = preSolution
		HideSolutionNode = FALSE
	EndGlobalSection
	GlobalSection(ExtensibilityGlobals) = postSolution
		SolutionGuid = {676095D1-2F75-41DC-8B41-EAC95A7E8FEB}
	EndGlobalSection
EndGlobal
